
Microsoft Visual Studio Solution File, Format Version 12.00
# Visual Studio Version 17
VisualStudioVersion = 17.0.31903.59
MinimumVisualStudioVersion = 10.0.40219.1
Project("{FAE04EC0-301F-11D3-BF4B-00C04F79EFBC}") = "MyCoolTests", "MyCoolTests\MyCoolTests.csproj", "{FB8CB95F-255C-46F8-8D0D-BDB586F3E21E}"
EndProject
Project("{FAE04EC0-301F-11D3-BF4B-00C04F79EFBC}") = "MyCoolWebApp", "MyCoolWebApp\MyCoolWebApp.csproj", "{592ED518-F377-4749-A4B7-CB9C8800E4F4}"
EndProject
Global
	GlobalSection(SolutionConfigurationPlatforms) = preSolution
		Debug|Any CPU = Debug|Any CPU
		Release|Any CPU = Release|Any CPU
	EndGlobalSection
	GlobalSection(SolutionProperties) = preSolution
		HideSolutionNode = FALSE
	EndGlobalSection
	GlobalSection(ProjectConfigurationPlatforms) = postSolution
		{FB8CB95F-255C-46F8-8D0D-BDB586F3E21E}.Debug|Any CPU.ActiveCfg = Debug|Any CPU
		{FB8CB95F-255C-46F8-8D0D-BDB586F3E21E}.Debug|Any CPU.Build.0 = Debug|Any CPU
		{FB8CB95F-255C-46F8-8D0D-BDB586F3E21E}.Release|Any CPU.ActiveCfg = Release|Any CPU
		{FB8CB95F-255C-46F8-8D0D-BDB586F3E21E}.Release|Any CPU.Build.0 = Release|Any CPU
		{592ED518-F377-4749-A4B7-CB9C8800E4F4}.Debug|Any CPU.ActiveCfg = Debug|Any CPU
		{592ED518-F377-4749-A4B7-CB9C8800E4F4}.Debug|Any CPU.Build.0 = Debug|Any CPU
		{592ED518-F377-4749-A4B7-CB9C8800E4F4}.Release|Any CPU.ActiveCfg = Release|Any CPU
		{592ED518-F377-4749-A4B7-CB9C8800E4F4}.Release|Any CPU.Build.0 = Release|Any CPU
	EndGlobalSection
EndGlobal
